
Microsoft Visual Studio Solution File, Format Version 12.00
# Visual Studio Version 17
VisualStudioVersion = 17.10.34928.147
MinimumVisualStudioVersion = 10.0.40219.1
Project("{FAE04EC0-301F-11D3-BF4B-00C04F79EFBC}") = "Xmind8", "Xmind8.csproj", "{A411EA06-EBD4-468A-88B1-6A49FDAD50F0}"
EndProject
Global
	GlobalSection(SolutionConfigurationPlatforms) = preSolution
		Debug|Any CPU = Debug|Any CPU
		Release|Any CPU = Release|Any CPU
	EndGlobalSection
	GlobalSection(ProjectConfigurationPlatforms) = postSolution
		{A411EA06-EBD4-468A-88B1-6A49FDAD50F0}.Debug|Any CPU.ActiveCfg = Debug|Any CPU
		{A411EA06-EBD4-468A-88B1-6A49FDAD50F0}.Debug|Any CPU.Build.0 = Debug|Any CPU
		{A411EA06-EBD4-468A-88B1-6A49FDAD50F0}.Release|Any CPU.ActiveCfg = Release|Any CPU
		{A411EA06-EBD4-468A-88B1-6A49FDAD50F0}.Release|Any CPU.Build.0 = Release|Any CPU
	EndGlobalSection
	GlobalSection(SolutionProperties) = preSolution
		HideSolutionNode = FALSE
	EndGlobalSection
	GlobalSection(ExtensibilityGlobals) = postSolution
		SolutionGuid = {A5DE27D0-184D-4F4A-B6AD-94B4C991ADF7}
	EndGlobalSection
EndGlobal
